
Microsoft Visual Studio Solution File, Format Version 12.00
# Visual Studio Version 16
VisualStudioVersion = 16.0.32630.194
MinimumVisualStudioVersion = 10.0.40219.1
Project("{FAE04EC0-301F-11D3-BF4B-00C04F79EFBC}") = "Inheritance", "Inheritance\Inheritance.csproj", "{320B6056-AEC9-4B78-8942-0C1C2E1F2FC6}"
EndProject
Global
	GlobalSection(SolutionConfigurationPlatforms) = preSolution
		Debug|Any CPU = Debug|Any CPU
		Release|Any CPU = Release|Any CPU
	EndGlobalSection
	GlobalSection(ProjectConfigurationPlatforms) = postSolution
		{320B6056-AEC9-4B78-8942-0C1C2E1F2FC6}.Debug|Any CPU.ActiveCfg = Debug|Any CPU
		{320B6056-AEC9-4B78-8942-0C1C2E1F2FC6}.Debug|Any CPU.Build.0 = Debug|Any CPU
		{320B6056-AEC9-4B78-8942-0C1C2E1F2FC6}.Release|Any CPU.ActiveCfg = Release|Any CPU
		{320B6056-AEC9-4B78-8942-0C1C2E1F2FC6}.Release|Any CPU.Build.0 = Release|Any CPU
	EndGlobalSection
	GlobalSection(SolutionProperties) = preSolution
		HideSolutionNode = FALSE
	EndGlobalSection
	GlobalSection(ExtensibilityGlobals) = postSolution
		SolutionGuid = {0B4B6B0E-C1DA-4C20-AFC7-5E23445A01D1}
	EndGlobalSection
EndGlobal
